// !$*UTF8*$!
{
	archiveVersion = 1;
	classes = {
	};
	objectVersion = 56;
	objects = {

/* Begin PBXBuildFile section */
		EF1B259428A653A0009BB7E3 /* AppViewFactory.swift in Sources */ = {isa = PBXBuildFile; fileRef = EF1B259328A653A0009BB7E3 /* AppViewFactory.swift */; };
		EF1B259628A653FF009BB7E3 /* PreviewAppContainer.swift in Sources */ = {isa = PBXBuildFile; fileRef = EF1B259528A653FF009BB7E3 /* PreviewAppContainer.swift */; };
		EF2AD84328A414DA004954A2 /* Tab.swift in Sources */ = {isa = PBXBuildFile; fileRef = EF2AD84228A414DA004954A2 /* Tab.swift */; };
		EF2AD84728A41547004954A2 /* FirstView.swift in Sources */ = {isa = PBXBuildFile; fileRef = EF2AD84628A41547004954A2 /* FirstView.swift */; };
		EF2AD84928A41578004954A2 /* SecondView.swift in Sources */ = {isa = PBXBuildFile; fileRef = EF2AD84828A41578004954A2 /* SecondView.swift */; };
		EF2AD84C28A416EB004954A2 /* Persistence in Frameworks */ = {isa = PBXBuildFile; productRef = EF2AD84B28A416EB004954A2 /* Persistence */; };
		EF2AD85128A41F18004954A2 /* OnboardingView.swift in Sources */ = {isa = PBXBuildFile; fileRef = EF2AD85028A41F18004954A2 /* OnboardingView.swift */; };
		EFE3ECAD28A411AF00021A3F /* App.swift in Sources */ = {isa = PBXBuildFile; fileRef = EFE3ECAC28A411AF00021A3F /* App.swift */; };
		EFE3ECAF28A411AF00021A3F /* AppView.swift in Sources */ = {isa = PBXBuildFile; fileRef = EFE3ECAE28A411AF00021A3F /* AppView.swift */; };
		EFE3ECB128A411B100021A3F /* Images.xcassets in Resources */ = {isa = PBXBuildFile; fileRef = EFE3ECB028A411B100021A3F /* Images.xcassets */; };
		EFE3ECB428A411B100021A3F /* Preview Assets.xcassets in Resources */ = {isa = PBXBuildFile; fileRef = EFE3ECB328A411B100021A3F /* Preview Assets.xcassets */; };
		EFE3ECBF28A412BD00021A3F /* AppContainer.swift in Sources */ = {isa = PBXBuildFile; fileRef = EFE3ECBE28A412BD00021A3F /* AppContainer.swift */; };
/* End PBXBuildFile section */

/* Begin PBXFileReference section */
		EF1B259328A653A0009BB7E3 /* AppViewFactory.swift */ = {isa = PBXFileReference; lastKnownFileType = sourcecode.swift; path = AppViewFactory.swift; sourceTree = "<group>"; };
		EF1B259528A653FF009BB7E3 /* PreviewAppContainer.swift */ = {isa = PBXFileReference; lastKnownFileType = sourcecode.swift; path = PreviewAppContainer.swift; sourceTree = "<group>"; };
		EF2AD84228A414DA004954A2 /* Tab.swift */ = {isa = PBXFileReference; lastKnownFileType = sourcecode.swift; path = Tab.swift; sourceTree = "<group>"; };
		EF2AD84628A41547004954A2 /* FirstView.swift */ = {isa = PBXFileReference; lastKnownFileType = sourcecode.swift; path = FirstView.swift; sourceTree = "<group>"; };
		EF2AD84828A41578004954A2 /* SecondView.swift */ = {isa = PBXFileReference; lastKnownFileType = sourcecode.swift; path = SecondView.swift; sourceTree = "<group>"; };
		EF2AD85028A41F18004954A2 /* OnboardingView.swift */ = {isa = PBXFileReference; lastKnownFileType = sourcecode.swift; path = OnboardingView.swift; sourceTree = "<group>"; };
		EFE3ECA928A411AF00021A3F /* TemplateSwiftUI.app */ = {isa = PBXFileReference; explicitFileType = wrapper.application; includeInIndex = 0; path = TemplateSwiftUI.app; sourceTree = BUILT_PRODUCTS_DIR; };
		EFE3ECAC28A411AF00021A3F /* App.swift */ = {isa = PBXFileReference; lastKnownFileType = sourcecode.swift; path = App.swift; sourceTree = "<group>"; };
		EFE3ECAE28A411AF00021A3F /* AppView.swift */ = {isa = PBXFileReference; lastKnownFileType = sourcecode.swift; path = AppView.swift; sourceTree = "<group>"; };
		EFE3ECB028A411B100021A3F /* Images.xcassets */ = {isa = PBXFileReference; lastKnownFileType = folder.assetcatalog; path = Images.xcassets; sourceTree = "<group>"; };
		EFE3ECB328A411B100021A3F /* Preview Assets.xcassets */ = {isa = PBXFileReference; lastKnownFileType = folder.assetcatalog; path = "Preview Assets.xcassets"; sourceTree = "<group>"; };
		EFE3ECBB28A4125200021A3F /* TemplatePackage */ = {isa = PBXFileReference; lastKnownFileType = wrapper; name = TemplatePackage; path = ../TemplatePackage; sourceTree = "<group>"; };
		EFE3ECBE28A412BD00021A3F /* AppContainer.swift */ = {isa = PBXFileReference; lastKnownFileType = sourcecode.swift; path = AppContainer.swift; sourceTree = "<group>"; };
/* End PBXFileReference section */

/* Begin PBXFrameworksBuildPhase section */
		EFE3ECA628A411AF00021A3F /* Frameworks */ = {
			isa = PBXFrameworksBuildPhase;
			buildActionMask = 2147483647;
			files = (
				EF2AD84C28A416EB004954A2 /* Persistence in Frameworks */,
			);
			runOnlyForDeploymentPostprocessing = 0;
		};
/* End PBXFrameworksBuildPhase section */

/* Begin PBXGroup section */
		EF2AD84428A41512004954A2 /* First */ = {
			isa = PBXGroup;
			children = (
				EF2AD84628A41547004954A2 /* FirstView.swift */,
			);
			path = First;
			sourceTree = "<group>";
		};
		EF2AD84528A4153D004954A2 /* Second */ = {
			isa = PBXGroup;
			children = (
				EF2AD84828A41578004954A2 /* SecondView.swift */,
			);
			path = Second;
			sourceTree = "<group>";
		};
		EF2AD84A28A416EB004954A2 /* Frameworks */ = {
			isa = PBXGroup;
			children = (
			);
			name = Frameworks;
			sourceTree = "<group>";
		};
		EF2AD84D28A418B2004954A2 /* Resources */ = {
			isa = PBXGroup;
			children = (
				EFE3ECB028A411B100021A3F /* Images.xcassets */,
			);
			path = Resources;
			sourceTree = "<group>";
		};
		EF2AD84E28A418C4004954A2 /* App */ = {
			isa = PBXGroup;
			children = (
				EFE3ECAE28A411AF00021A3F /* AppView.swift */,
				EF1B259328A653A0009BB7E3 /* AppViewFactory.swift */,
				EF2AD84228A414DA004954A2 /* Tab.swift */,
			);
			path = App;
			sourceTree = "<group>";
		};
		EF2AD84F28A41F0A004954A2 /* Onboarding */ = {
			isa = PBXGroup;
			children = (
				EF2AD85028A41F18004954A2 /* OnboardingView.swift */,
			);
			path = Onboarding;
			sourceTree = "<group>";
		};
		EFE3ECA028A411AF00021A3F = {
			isa = PBXGroup;
			children = (
				EFE3ECBB28A4125200021A3F /* TemplatePackage */,
				EFE3ECAB28A411AF00021A3F /* TemplateSwiftUI */,
				EFE3ECAA28A411AF00021A3F /* Products */,
				EF2AD84A28A416EB004954A2 /* Frameworks */,
			);
			sourceTree = "<group>";
		};
		EFE3ECAA28A411AF00021A3F /* Products */ = {
			isa = PBXGroup;
			children = (
				EFE3ECA928A411AF00021A3F /* TemplateSwiftUI.app */,
			);
			name = Products;
			sourceTree = "<group>";
		};
		EFE3ECAB28A411AF00021A3F /* TemplateSwiftUI */ = {
			isa = PBXGroup;
			children = (
				EFE3ECBC28A4127A00021A3F /* App */,
				EFE3ECBD28A4127F00021A3F /* Features */,
				EF2AD84D28A418B2004954A2 /* Resources */,
				EFE3ECB228A411B100021A3F /* Preview Content */,
			);
			path = TemplateSwiftUI;
			sourceTree = "<group>";
		};
		EFE3ECB228A411B100021A3F /* Preview Content */ = {
			isa = PBXGroup;
			children = (
				EFE3ECB328A411B100021A3F /* Preview Assets.xcassets */,
				EF1B259528A653FF009BB7E3 /* PreviewAppContainer.swift */,
			);
			path = "Preview Content";
			sourceTree = "<group>";
		};
		EFE3ECBC28A4127A00021A3F /* App */ = {
			isa = PBXGroup;
			children = (
				EFE3ECAC28A411AF00021A3F /* App.swift */,
				EFE3ECBE28A412BD00021A3F /* AppContainer.swift */,
			);
			path = App;
			sourceTree = "<group>";
		};
		EFE3ECBD28A4127F00021A3F /* Features */ = {
			isa = PBXGroup;
			children = (
				EF2AD84E28A418C4004954A2 /* App */,
				EF2AD84F28A41F0A004954A2 /* Onboarding */,
				EF2AD84528A4153D004954A2 /* Second */,
				EF2AD84428A41512004954A2 /* First */,
			);
			path = Features;
			sourceTree = "<group>";
		};
/* End PBXGroup section */

/* Begin PBXNativeTarget section */
		EFE3ECA828A411AF00021A3F /* TemplateSwiftUI */ = {
			isa = PBXNativeTarget;
			buildConfigurationList = EFE3ECB728A411B100021A3F /* Build configuration list for PBXNativeTarget "TemplateSwiftUI" */;
			buildPhases = (
				EFE3ECA528A411AF00021A3F /* Sources */,
				EFE3ECA628A411AF00021A3F /* Frameworks */,
				EFE3ECA728A411AF00021A3F /* Resources */,
			);
			buildRules = (
			);
			dependencies = (
			);
			name = TemplateSwiftUI;
			packageProductDependencies = (
				EF2AD84B28A416EB004954A2 /* Persistence */,
			);
			productName = TemplateSwiftUI;
			productReference = EFE3ECA928A411AF00021A3F /* TemplateSwiftUI.app */;
			productType = "com.apple.product-type.application";
		};
/* End PBXNativeTarget section */

/* Begin PBXProject section */
		EFE3ECA128A411AF00021A3F /* Project object */ = {
			isa = PBXProject;
			attributes = {
				BuildIndependentTargetsInParallel = 1;
				LastSwiftUpdateCheck = 1400;
				LastUpgradeCheck = 1400;
				TargetAttributes = {
					EFE3ECA828A411AF00021A3F = {
						CreatedOnToolsVersion = 14.0;
					};
				};
			};
			buildConfigurationList = EFE3ECA428A411AF00021A3F /* Build configuration list for PBXProject "TemplateSwiftUI" */;
			compatibilityVersion = "Xcode 14.0";
			developmentRegion = en;
			hasScannedForEncodings = 0;
			knownRegions = (
				en,
				Base,
			);
			mainGroup = EFE3ECA028A411AF00021A3F;
			productRefGroup = EFE3ECAA28A411AF00021A3F /* Products */;
			projectDirPath = "";
			projectRoot = "";
			targets = (
				EFE3ECA828A411AF00021A3F /* TemplateSwiftUI */,
			);
		};
/* End PBXProject section */

/* Begin PBXResourcesBuildPhase section */
		EFE3ECA728A411AF00021A3F /* Resources */ = {
			isa = PBXResourcesBuildPhase;
			buildActionMask = 2147483647;
			files = (
				EFE3ECB428A411B100021A3F /* Preview Assets.xcassets in Resources */,
				EFE3ECB128A411B100021A3F /* Images.xcassets in Resources */,
			);
			runOnlyForDeploymentPostprocessing = 0;
		};
/* End PBXResourcesBuildPhase section */

/* Begin PBXSourcesBuildPhase section */
		EFE3ECA528A411AF00021A3F /* Sources */ = {
			isa = PBXSourcesBuildPhase;
			buildActionMask = 2147483647;
			files = (
				EF1B259628A653FF009BB7E3 /* PreviewAppContainer.swift in Sources */,
				EF2AD84928A41578004954A2 /* SecondView.swift in Sources */,
				EFE3ECAF28A411AF00021A3F /* AppView.swift in Sources */,
				EF2AD84728A41547004954A2 /* FirstView.swift in Sources */,
				EF1B259428A653A0009BB7E3 /* AppViewFactory.swift in Sources */,
				EFE3ECAD28A411AF00021A3F /* App.swift in Sources */,
				EFE3ECBF28A412BD00021A3F /* AppContainer.swift in Sources */,
				EF2AD84328A414DA004954A2 /* Tab.swift in Sources */,
				EF2AD85128A41F18004954A2 /* OnboardingView.swift in Sources */,
			);
			runOnlyForDeploymentPostprocessing = 0;
		};
/* End PBXSourcesBuildPhase section */

/* Begin XCBuildConfiguration section */
		EFE3ECB528A411B100021A3F /* Debug */ = {
			isa = XCBuildConfiguration;
			buildSettings = {
				ALWAYS_SEARCH_USER_PATHS = NO;
				CLANG_ANALYZER_NONNULL = YES;
				CLANG_ANALYZER_NUMBER_OBJECT_CONVERSION = YES_AGGRESSIVE;
				CLANG_CXX_LANGUAGE_STANDARD = "gnu++20";
				CLANG_ENABLE_MODULES = YES;
				CLANG_ENABLE_OBJC_ARC = YES;
				CLANG_ENABLE_OBJC_WEAK = YES;
				CLANG_WARN_BLOCK_CAPTURE_AUTORELEASING = YES;
				CLANG_WARN_BOOL_CONVERSION = YES;
				CLANG_WARN_COMMA = YES;
				CLANG_WARN_CONSTANT_CONVERSION = YES;
				CLANG_WARN_DEPRECATED_OBJC_IMPLEMENTATIONS = YES;
				CLANG_WARN_DIRECT_OBJC_ISA_USAGE = YES_ERROR;
				CLANG_WARN_DOCUMENTATION_COMMENTS = YES;
				CLANG_WARN_EMPTY_BODY = YES;
				CLANG_WARN_ENUM_CONVERSION = YES;
				CLANG_WARN_INFINITE_RECURSION = YES;
				CLANG_WARN_INT_CONVERSION = YES;
				CLANG_WARN_NON_LITERAL_NULL_CONVERSION = YES;
				CLANG_WARN_OBJC_IMPLICIT_RETAIN_SELF = YES;
				CLANG_WARN_OBJC_LITERAL_CONVERSION = YES;
				CLANG_WARN_OBJC_ROOT_CLASS = YES_ERROR;
				CLANG_WARN_QUOTED_INCLUDE_IN_FRAMEWORK_HEADER = YES;
				CLANG_WARN_RANGE_LOOP_ANALYSIS = YES;
				CLANG_WARN_STRICT_PROTOTYPES = YES;
				CLANG_WARN_SUSPICIOUS_MOVE = YES;
				CLANG_WARN_UNGUARDED_AVAILABILITY = YES_AGGRESSIVE;
				CLANG_WARN_UNREACHABLE_CODE = YES;
				CLANG_WARN__DUPLICATE_METHOD_MATCH = YES;
				COPY_PHASE_STRIP = NO;
				DEBUG_INFORMATION_FORMAT = dwarf;
				ENABLE_STRICT_OBJC_MSGSEND = YES;
				ENABLE_TESTABILITY = YES;
				GCC_C_LANGUAGE_STANDARD = gnu11;
				GCC_DYNAMIC_NO_PIC = NO;
				GCC_NO_COMMON_BLOCKS = YES;
				GCC_OPTIMIZATION_LEVEL = 0;
				GCC_PREPROCESSOR_DEFINITIONS = (
					"DEBUG=1",
					"$(inherited)",
				);
				GCC_WARN_64_TO_32_BIT_CONVERSION = YES;
				GCC_WARN_ABOUT_RETURN_TYPE = YES_ERROR;
				GCC_WARN_UNDECLARED_SELECTOR = YES;
				GCC_WARN_UNINITIALIZED_AUTOS = YES_AGGRESSIVE;
				GCC_WARN_UNUSED_FUNCTION = YES;
				GCC_WARN_UNUSED_VARIABLE = YES;
				IPHONEOS_DEPLOYMENT_TARGET = 16.0;
				MTL_ENABLE_DEBUG_INFO = INCLUDE_SOURCE;
				MTL_FAST_MATH = YES;
				ONLY_ACTIVE_ARCH = YES;
				SDKROOT = iphoneos;
				SWIFT_ACTIVE_COMPILATION_CONDITIONS = DEBUG;
				SWIFT_OPTIMIZATION_LEVEL = "-Onone";
			};
			name = Debug;
		};
		EFE3ECB628A411B100021A3F /* Release */ = {
			isa = XCBuildConfiguration;
			buildSettings = {
				ALWAYS_SEARCH_USER_PATHS = NO;
				CLANG_ANALYZER_NONNULL = YES;
				CLANG_ANALYZER_NUMBER_OBJECT_CONVERSION = YES_AGGRESSIVE;
				CLANG_CXX_LANGUAGE_STANDARD = "gnu++20";
				CLANG_ENABLE_MODULES = YES;
				CLANG_ENABLE_OBJC_ARC = YES;
				CLANG_ENABLE_OBJC_WEAK = YES;
				CLANG_WARN_BLOCK_CAPTURE_AUTORELEASING = YES;
				CLANG_WARN_BOOL_CONVERSION = YES;
				CLANG_WARN_COMMA = YES;
				CLANG_WARN_CONSTANT_CONVERSION = YES;
				CLANG_WARN_DEPRECATED_OBJC_IMPLEMENTATIONS = YES;
				CLANG_WARN_DIRECT_OBJC_ISA_USAGE = YES_ERROR;
				CLANG_WARN_DOCUMENTATION_COMMENTS = YES;
				CLANG_WARN_EMPTY_BODY = YES;
				CLANG_WARN_ENUM_CONVERSION = YES;
				CLANG_WARN_INFINITE_RECURSION = YES;
				CLANG_WARN_INT_CONVERSION = YES;
				CLANG_WARN_NON_LITERAL_NULL_CONVERSION = YES;
				CLANG_WARN_OBJC_IMPLICIT_RETAIN_SELF = YES;
				CLANG_WARN_OBJC_LITERAL_CONVERSION = YES;
				CLANG_WARN_OBJC_ROOT_CLASS = YES_ERROR;
				CLANG_WARN_QUOTED_INCLUDE_IN_FRAMEWORK_HEADER = YES;
				CLANG_WARN_RANGE_LOOP_ANALYSIS = YES;
				CLANG_WARN_STRICT_PROTOTYPES = YES;
				CLANG_WARN_SUSPICIOUS_MOVE = YES;
				CLANG_WARN_UNGUARDED_AVAILABILITY = YES_AGGRESSIVE;
				CLANG_WARN_UNREACHABLE_CODE = YES;
				CLANG_WARN__DUPLICATE_METHOD_MATCH = YES;
				COPY_PHASE_STRIP = NO;
				DEBUG_INFORMATION_FORMAT = "dwarf-with-dsym";
				ENABLE_NS_ASSERTIONS = NO;
				ENABLE_STRICT_OBJC_MSGSEND = YES;
				GCC_C_LANGUAGE_STANDARD = gnu11;
				GCC_NO_COMMON_BLOCKS = YES;
				GCC_WARN_64_TO_32_BIT_CONVERSION = YES;
				GCC_WARN_ABOUT_RETURN_TYPE = YES_ERROR;
				GCC_WARN_UNDECLARED_SELECTOR = YES;
				GCC_WARN_UNINITIALIZED_AUTOS = YES_AGGRESSIVE;
				GCC_WARN_UNUSED_FUNCTION = YES;
				GCC_WARN_UNUSED_VARIABLE = YES;
				IPHONEOS_DEPLOYMENT_TARGET = 16.0;
				MTL_ENABLE_DEBUG_INFO = NO;
				MTL_FAST_MATH = YES;
				SDKROOT = iphoneos;
				SWIFT_COMPILATION_MODE = wholemodule;
				SWIFT_OPTIMIZATION_LEVEL = "-O";
				VALIDATE_PRODUCT = YES;
			};
			name = Release;
		};
		EFE3ECB828A411B100021A3F /* Debug */ = {
			isa = XCBuildConfiguration;
			buildSettings = {
				ASSETCATALOG_COMPILER_APPICON_NAME = AppIcon;
				ASSETCATALOG_COMPILER_GLOBAL_ACCENT_COLOR_NAME = AccentColor;
				CODE_SIGN_STYLE = Automatic;
				CURRENT_PROJECT_VERSION = 1;
				DEVELOPMENT_ASSET_PATHS = "\"TemplateSwiftUI/Preview Content\"";
				ENABLE_PREVIEWS = YES;
				GENERATE_INFOPLIST_FILE = YES;
				INFOPLIST_KEY_UIApplicationSceneManifest_Generation = YES;
				INFOPLIST_KEY_UIApplicationSupportsIndirectInputEvents = YES;
				INFOPLIST_KEY_UILaunchScreen_Generation = YES;
				INFOPLIST_KEY_UISupportedInterfaceOrientations_iPad = "UIInterfaceOrientationPortrait UIInterfaceOrientationPortraitUpsideDown UIInterfaceOrientationLandscapeLeft UIInterfaceOrientationLandscapeRight";
				INFOPLIST_KEY_UISupportedInterfaceOrientations_iPhone = "UIInterfaceOrientationPortrait UIInterfaceOrientationLandscapeLeft UIInterfaceOrientationLandscapeRight";
				LD_RUNPATH_SEARCH_PATHS = (
					"$(inherited)",
					"@executable_path/Frameworks",
				);
				MARKETING_VERSION = 1.0;
				PRODUCT_BUNDLE_IDENTIFIER = com.runarhummelsund.TemplateSwiftUI;
				PRODUCT_NAME = "$(TARGET_NAME)";
				SUPPORTED_PLATFORMS = "iphoneos iphonesimulator";
				SUPPORTS_MACCATALYST = NO;
				SUPPORTS_MAC_DESIGNED_FOR_IPHONE_IPAD = NO;
				SWIFT_EMIT_LOC_STRINGS = YES;
				SWIFT_VERSION = 5.0;
				TARGETED_DEVICE_FAMILY = "1,2";
			};
			name = Debug;
		};
		EFE3ECB928A411B100021A3F /* Release */ = {
			isa = XCBuildConfiguration;
			buildSettings = {
				ASSETCATALOG_COMPILER_APPICON_NAME = AppIcon;
				ASSETCATALOG_COMPILER_GLOBAL_ACCENT_COLOR_NAME = AccentColor;
				CODE_SIGN_STYLE = Automatic;
				CURRENT_PROJECT_VERSION = 1;
				DEVELOPMENT_ASSET_PATHS = "\"TemplateSwiftUI/Preview Content\"";
				ENABLE_PREVIEWS = YES;
				GENERATE_INFOPLIST_FILE = YES;
				INFOPLIST_KEY_UIApplicationSceneManifest_Generation = YES;
				INFOPLIST_KEY_UIApplicationSupportsIndirectInputEvents = YES;
				INFOPLIST_KEY_UILaunchScreen_Generation = YES;
				INFOPLIST_KEY_UISupportedInterfaceOrientations_iPad = "UIInterfaceOrientationPortrait UIInterfaceOrientationPortraitUpsideDown UIInterfaceOrientationLandscapeLeft UIInterfaceOrientationLandscapeRight";
				INFOPLIST_KEY_UISupportedInterfaceOrientations_iPhone = "UIInterfaceOrientationPortrait UIInterfaceOrientationLandscapeLeft UIInterfaceOrientationLandscapeRight";
				LD_RUNPATH_SEARCH_PATHS = (
					"$(inherited)",
					"@executable_path/Frameworks",
				);
				MARKETING_VERSION = 1.0;
				PRODUCT_BUNDLE_IDENTIFIER = com.runarhummelsund.TemplateSwiftUI;
				PRODUCT_NAME = "$(TARGET_NAME)";
				SUPPORTED_PLATFORMS = "iphoneos iphonesimulator";
				SUPPORTS_MACCATALYST = NO;
				SUPPORTS_MAC_DESIGNED_FOR_IPHONE_IPAD = NO;
				SWIFT_EMIT_LOC_STRINGS = YES;
				SWIFT_VERSION = 5.0;
				TARGETED_DEVICE_FAMILY = "1,2";
			};
			name = Release;
		};
/* End XCBuildConfiguration section */

/* Begin XCConfigurationList section */
		EFE3ECA428A411AF00021A3F /* Build configuration list for PBXProject "TemplateSwiftUI" */ = {
			isa = XCConfigurationList;
			buildConfigurations = (
				EFE3ECB528A411B100021A3F /* Debug */,
				EFE3ECB628A411B100021A3F /* Release */,
			);
			defaultConfigurationIsVisible = 0;
			defaultConfigurationName = Release;
		};
		EFE3ECB728A411B100021A3F /* Build configuration list for PBXNativeTarget "TemplateSwiftUI" */ = {
			isa = XCConfigurationList;
			buildConfigurations = (
				EFE3ECB828A411B100021A3F /* Debug */,
				EFE3ECB928A411B100021A3F /* Release */,
			);
			defaultConfigurationIsVisible = 0;
			defaultConfigurationName = Release;
		};
/* End XCConfigurationList section */

/* Begin XCSwiftPackageProductDependency section */
		EF2AD84B28A416EB004954A2 /* Persistence */ = {
			isa = XCSwiftPackageProductDependency;
			productName = Persistence;
		};
/* End XCSwiftPackageProductDependency section */
	};
	rootObject = EFE3ECA128A411AF00021A3F /* Project object */;
}
